
Microsoft Visual Studio Solution File, Format Version 12.00
# Visual Studio Version 17
VisualStudioVersion = 17.5.002.0
MinimumVisualStudioVersion = 10.0.40219.1
Project("{2150E333-8FDC-42A3-9474-1A3956D46DE8}") = "IS-Projekty", "IS-Projekty", "{B0BCC234-88E7-4625-BAB1-C72EB07BAE4C}"
EndProject
Project("{9A19103F-16F7-4668-BE54-9A1E7A4F7556}") = "program001-vypis-rady", "IS-Projekty\program001-vypis-rady\program001-vypis-rady.csproj", "{FD571365-600A-42A9-8CDF-E2991E0EC42A}"
EndProject
Global
	GlobalSection(SolutionConfigurationPlatforms) = preSolution
		Debug|Any CPU = Debug|Any CPU
		Release|Any CPU = Release|Any CPU
	EndGlobalSection
	GlobalSection(ProjectConfigurationPlatforms) = postSolution
		{FD571365-600A-42A9-8CDF-E2991E0EC42A}.Debug|Any CPU.ActiveCfg = Debug|Any CPU
		{FD571365-600A-42A9-8CDF-E2991E0EC42A}.Debug|Any CPU.Build.0 = Debug|Any CPU
		{FD571365-600A-42A9-8CDF-E2991E0EC42A}.Release|Any CPU.ActiveCfg = Release|Any CPU
		{FD571365-600A-42A9-8CDF-E2991E0EC42A}.Release|Any CPU.Build.0 = Release|Any CPU
	EndGlobalSection
	GlobalSection(SolutionProperties) = preSolution
		HideSolutionNode = FALSE
	EndGlobalSection
	GlobalSection(NestedProjects) = preSolution
		{FD571365-600A-42A9-8CDF-E2991E0EC42A} = {B0BCC234-88E7-4625-BAB1-C72EB07BAE4C}
	EndGlobalSection
	GlobalSection(ExtensibilityGlobals) = postSolution
		SolutionGuid = {8BE42031-1AB5-4152-8634-CACB2468EE29}
	EndGlobalSection
EndGlobal
